
Microsoft Visual Studio Solution File, Format Version 12.00
# Visual Studio 2012
Project("{FAE04EC0-301F-11D3-BF4B-00C04F79EFBC}") = "MvcApplication2", "MvcApplication2\MvcApplication2.csproj", "{66D17C06-25C2-49C7-9B3E-5B584425AA01}"
EndProject
Global
	GlobalSection(SolutionConfigurationPlatforms) = preSolution
		Debug|Any CPU = Debug|Any CPU
		Release|Any CPU = Release|Any CPU
	EndGlobalSection
	GlobalSection(ProjectConfigurationPlatforms) = postSolution
		{66D17C06-25C2-49C7-9B3E-5B584425AA01}.Debug|Any CPU.ActiveCfg = Debug|Any CPU
		{66D17C06-25C2-49C7-9B3E-5B584425AA01}.Debug|Any CPU.Build.0 = Debug|Any CPU
		{66D17C06-25C2-49C7-9B3E-5B584425AA01}.Release|Any CPU.ActiveCfg = Release|Any CPU
		{66D17C06-25C2-49C7-9B3E-5B584425AA01}.Release|Any CPU.Build.0 = Release|Any CPU
	EndGlobalSection
	GlobalSection(SolutionProperties) = preSolution
		HideSolutionNode = FALSE
	EndGlobalSection
EndGlobal
